{
  "name": "react-advanced",
  "lockfileVersion": 3,
  "requires": true,
  "packages": {
    "": {
      "name": "react-advanced"
    },
    "01-children/demo": {
      "name": "01-children-demo",
      "version": "0.0.0",
      "extraneous": true,
      "dependencies": {
        "react": "^18.2.0",
        "react-dom": "^18.2.0"
      },
      "devDependencies": {
        "@types/react": "^18.2.15",
        "@types/react-dom": "^18.2.7",
        "@typescript-eslint/eslint-plugin": "^6.0.0",
        "@typescript-eslint/parser": "^6.0.0",
        "@vitejs/plugin-react": "^4.0.3",
        "eslint": "^8.45.0",
        "eslint-plugin-react-hooks": "^4.6.0",
        "eslint-plugin-react-refresh": "^0.4.3",
        "typescript": "^5.0.2",
        "vite": "^4.4.5"
      }
    },
    "01-children/demo-ssr": {
      "version": "0.1.0",
      "extraneous": true,
      "dependencies": {
        "next": "13.5.5",
        "react": "^18",
        "react-dom": "^18"
      }
    },
    "01-children/exercise": {
      "name": "01-children-exercise",
      "version": "0.0.0",
      "extraneous": true,
      "dependencies": {
        "react": "^18.2.0",
        "react-dom": "^18.2.0"
      },
      "devDependencies": {
        "@types/react": "^18.2.15",
        "@types/react-dom": "^18.2.7",
        "@typescript-eslint/eslint-plugin": "^6.0.0",
        "@typescript-eslint/parser": "^6.0.0",
        "@vitejs/plugin-react": "^4.0.3",
        "eslint": "^8.45.0",
        "eslint-plugin-react-hooks": "^4.6.0",
        "eslint-plugin-react-refresh": "^0.4.3",
        "typescript": "^5.0.2",
        "vite": "^4.4.5"
      }
    },
    "01-children/exercise-solution": {
      "name": "01-children-exercise-solution",
      "version": "0.0.0",
      "extraneous": true,
      "dependencies": {
        "react": "^18.2.0",
        "react-dom": "^18.2.0"
      },
      "devDependencies": {
        "@types/react": "^18.2.15",
        "@types/react-dom": "^18.2.7",
        "@typescript-eslint/eslint-plugin": "^6.0.0",
        "@typescript-eslint/parser": "^6.0.0",
        "@vitejs/plugin-react": "^4.0.3",
        "eslint": "^8.45.0",
        "eslint-plugin-react-hooks": "^4.6.0",
        "eslint-plugin-react-refresh": "^0.4.3",
        "typescript": "^5.0.2",
        "vite": "^4.4.5"
      }
    },
    "03-useDeferrerdValue/demo": {
      "name": "use-deferred-value-demo",
      "version": "0.0.0",
      "extraneous": true,
      "dependencies": {
        "react": "^18.2.0",
        "react-dom": "^18.2.0"
      },
      "devDependencies": {
        "@types/react": "^18.2.15",
        "@types/react-dom": "^18.2.7",
        "@typescript-eslint/eslint-plugin": "^6.0.0",
        "@typescript-eslint/parser": "^6.0.0",
        "@vitejs/plugin-react": "^4.0.3",
        "eslint": "^8.45.0",
        "eslint-plugin-react-hooks": "^4.6.0",
        "eslint-plugin-react-refresh": "^0.4.3",
        "typescript": "^5.0.2",
        "vite": "^4.4.5"
      }
    },
    "03-useDeferrerdValue/exercise": {
      "name": "use-deferred-value-exercise",
      "version": "0.0.0",
      "extraneous": true,
      "dependencies": {
        "react": "^18.2.0",
        "react-dom": "^18.2.0",
        "tweetnacl": "^1.0.3",
        "tweetnacl-util": "^0.15.1"
      },
      "devDependencies": {
        "@types/react": "^18.2.15",
        "@types/react-dom": "^18.2.7",
        "@typescript-eslint/eslint-plugin": "^6.0.0",
        "@typescript-eslint/parser": "^6.0.0",
        "@vitejs/plugin-react": "^4.0.3",
        "eslint": "^8.45.0",
        "eslint-plugin-react-hooks": "^4.6.0",
        "eslint-plugin-react-refresh": "^0.4.3",
        "typescript": "^5.0.2",
        "vite": "^4.4.5"
      }
    },
    "03-useDeferrerdValue/exercise-solution": {
      "name": "use-deferred-value-exercise-solution",
      "version": "0.0.0",
      "extraneous": true,
      "dependencies": {
        "react": "^18.2.0",
        "react-dom": "^18.2.0",
        "tweetnacl": "^1.0.3",
        "tweetnacl-util": "^0.15.1"
      },
      "devDependencies": {
        "@types/react": "^18.2.15",
        "@types/react-dom": "^18.2.7",
        "@typescript-eslint/eslint-plugin": "^6.0.0",
        "@typescript-eslint/parser": "^6.0.0",
        "@vitejs/plugin-react": "^4.0.3",
        "eslint": "^8.45.0",
        "eslint-plugin-react-hooks": "^4.6.0",
        "eslint-plugin-react-refresh": "^0.4.3",
        "typescript": "^5.0.2",
        "vite": "^4.4.5"
      }
    },
    "04-useTransition/demo": {
      "name": "use-transition-demo",
      "version": "0.0.0",
      "extraneous": true,
      "dependencies": {
        "react": "^18.2.0",
        "react-dom": "^18.2.0"
      },
      "devDependencies": {
        "@types/react": "^18.2.15",
        "@types/react-dom": "^18.2.7",
        "@typescript-eslint/eslint-plugin": "^6.0.0",
        "@typescript-eslint/parser": "^6.0.0",
        "@vitejs/plugin-react": "^4.0.3",
        "eslint": "^8.45.0",
        "eslint-plugin-react-hooks": "^4.6.0",
        "eslint-plugin-react-refresh": "^0.4.3",
        "typescript": "^5.0.2",
        "vite": "^4.4.5"
      }
    },
    "04-useTransition/exercise": {
      "name": "use-transition-exercise",
      "version": "0.0.0",
      "extraneous": true,
      "dependencies": {
        "react": "^18.2.0",
        "react-dom": "^18.2.0"
      },
      "devDependencies": {
        "@types/react": "^18.2.15",
        "@types/react-dom": "^18.2.7",
        "@typescript-eslint/eslint-plugin": "^6.0.0",
        "@typescript-eslint/parser": "^6.0.0",
        "@vitejs/plugin-react": "^4.0.3",
        "eslint": "^8.45.0",
        "eslint-plugin-react-hooks": "^4.6.0",
        "eslint-plugin-react-refresh": "^0.4.3",
        "typescript": "^5.0.2",
        "vite": "^4.4.5"
      }
    },
    "04-useTransition/exercise-solution": {
      "name": "use-transition-exercise-solution",
      "version": "0.0.0",
      "extraneous": true,
      "dependencies": {
        "react": "^18.2.0",
        "react-dom": "^18.2.0"
      },
      "devDependencies": {
        "@types/react": "^18.2.15",
        "@types/react-dom": "^18.2.7",
        "@typescript-eslint/eslint-plugin": "^6.0.0",
        "@typescript-eslint/parser": "^6.0.0",
        "@vitejs/plugin-react": "^4.0.3",
        "eslint": "^8.45.0",
        "eslint-plugin-react-hooks": "^4.6.0",
        "eslint-plugin-react-refresh": "^0.4.3",
        "typescript": "^5.0.2",
        "vite": "^4.4.5"
      }
    },
    "05-useState/demo-react17": {
      "name": "use-state-demo-17",
      "version": "0.0.0",
      "extraneous": true,
      "dependencies": {
        "react": "17.0.2",
        "react-dom": "17.0.2"
      },
      "devDependencies": {
        "@types/react": "^18.2.15",
        "@types/react-dom": "^18.2.7",
        "@typescript-eslint/eslint-plugin": "^6.0.0",
        "@typescript-eslint/parser": "^6.0.0",
        "@vitejs/plugin-react": "^4.0.3",
        "eslint": "^8.45.0",
        "eslint-plugin-react-hooks": "^4.6.0",
        "eslint-plugin-react-refresh": "^0.4.3",
        "typescript": "^5.0.2",
        "vite": "^4.4.5"
      }
    },
    "05-useState/demo-react18": {
      "name": "use-state-demo-18",
      "version": "0.0.0",
      "extraneous": true,
      "dependencies": {
        "react": "^18.2.0",
        "react-dom": "^18.2.0"
      },
      "devDependencies": {
        "@types/react": "^18.2.15",
        "@types/react-dom": "^18.2.7",
        "@typescript-eslint/eslint-plugin": "^6.0.0",
        "@typescript-eslint/parser": "^6.0.0",
        "@vitejs/plugin-react": "^4.0.3",
        "eslint": "^8.45.0",
        "eslint-plugin-react-hooks": "^4.6.0",
        "eslint-plugin-react-refresh": "^0.4.3",
        "typescript": "^5.0.2",
        "vite": "^4.4.5"
      }
    },
    "05-useState/demo-sync-issue": {
      "name": "use-state-demo-sync-issue",
      "version": "0.0.0",
      "extraneous": true,
      "dependencies": {
        "react": "^18.2.0",
        "react-dom": "^18.2.0"
      },
      "devDependencies": {
        "@types/react": "^18.2.15",
        "@types/react-dom": "^18.2.7",
        "@typescript-eslint/eslint-plugin": "^6.0.0",
        "@typescript-eslint/parser": "^6.0.0",
        "@vitejs/plugin-react": "^4.0.3",
        "eslint": "^8.45.0",
        "eslint-plugin-react-hooks": "^4.6.0",
        "eslint-plugin-react-refresh": "^0.4.3",
        "typescript": "^5.0.2",
        "vite": "^4.4.5"
      }
    }
  }
}
